// !$*UTF8*$!
{
	archiveVersion = 1;
	classes = {
	};
	objectVersion = 46;
	objects = {

/* Begin PBXBuildFile section */
		1D0BFEBA1E44B32200494D93 /* ViewControllerSignUpFinish.swift in Sources */ = {isa = PBXBuildFile; fileRef = 1D0BFEB91E44B32200494D93 /* ViewControllerSignUpFinish.swift */; };
		1D2C70BB1E4598FE00C3D7F7 /* Montserrat-Black.otf in Resources */ = {isa = PBXBuildFile; fileRef = 1D2C70B31E4598FE00C3D7F7 /* Montserrat-Black.otf */; };
		1D2C70BC1E4598FE00C3D7F7 /* Montserrat-Bold.otf in Resources */ = {isa = PBXBuildFile; fileRef = 1D2C70B41E4598FE00C3D7F7 /* Montserrat-Bold.otf */; };
		1D2C70BD1E4598FE00C3D7F7 /* Montserrat-ExtraBold.otf in Resources */ = {isa = PBXBuildFile; fileRef = 1D2C70B51E4598FE00C3D7F7 /* Montserrat-ExtraBold.otf */; };
		1D2C70BE1E4598FE00C3D7F7 /* Montserrat-Hairline.otf in Resources */ = {isa = PBXBuildFile; fileRef = 1D2C70B61E4598FE00C3D7F7 /* Montserrat-Hairline.otf */; };
		1D2C70BF1E4598FE00C3D7F7 /* Montserrat-Light.otf in Resources */ = {isa = PBXBuildFile; fileRef = 1D2C70B71E4598FE00C3D7F7 /* Montserrat-Light.otf */; };
		1D2C70C01E4598FE00C3D7F7 /* Montserrat-Regular.otf in Resources */ = {isa = PBXBuildFile; fileRef = 1D2C70B81E4598FE00C3D7F7 /* Montserrat-Regular.otf */; };
		1D2C70C11E4598FE00C3D7F7 /* Montserrat-SemiBold.otf in Resources */ = {isa = PBXBuildFile; fileRef = 1D2C70B91E4598FE00C3D7F7 /* Montserrat-SemiBold.otf */; };
		1D2C70C21E4598FE00C3D7F7 /* Montserrat-UltraLight.otf in Resources */ = {isa = PBXBuildFile; fileRef = 1D2C70BA1E4598FE00C3D7F7 /* Montserrat-UltraLight.otf */; };
		1D6258611E49960A00668F79 /* ViewController-login.swift in Sources */ = {isa = PBXBuildFile; fileRef = 1D6258601E49960A00668F79 /* ViewController-login.swift */; };
		1D6258631E49961100668F79 /* ViewController-signUp.swift in Sources */ = {isa = PBXBuildFile; fileRef = 1D6258621E49961100668F79 /* ViewController-signUp.swift */; };
		1D9AD5411E443A000023694D /* AppDelegate.swift in Sources */ = {isa = PBXBuildFile; fileRef = 1D9AD5401E443A000023694D /* AppDelegate.swift */; };
		1D9AD5431E443A000023694D /* ViewController.swift in Sources */ = {isa = PBXBuildFile; fileRef = 1D9AD5421E443A000023694D /* ViewController.swift */; };
		1D9AD5461E443A000023694D /* Main.storyboard in Resources */ = {isa = PBXBuildFile; fileRef = 1D9AD5441E443A000023694D /* Main.storyboard */; };
		1D9AD5481E443A000023694D /* Assets.xcassets in Resources */ = {isa = PBXBuildFile; fileRef = 1D9AD5471E443A000023694D /* Assets.xcassets */; };
		1D9AD54B1E443A000023694D /* LaunchScreen.storyboard in Resources */ = {isa = PBXBuildFile; fileRef = 1D9AD5491E443A000023694D /* LaunchScreen.storyboard */; };
		1D9AD5591E4456760023694D /* ViewController-signup2.swift in Sources */ = {isa = PBXBuildFile; fileRef = 1D9AD5581E4456760023694D /* ViewController-signup2.swift */; };
/* End PBXBuildFile section */

/* Begin PBXFileReference section */
		1D0BFEB91E44B32200494D93 /* ViewControllerSignUpFinish.swift */ = {isa = PBXFileReference; fileEncoding = 4; lastKnownFileType = sourcecode.swift; path = ViewControllerSignUpFinish.swift; sourceTree = "<group>"; };
		1D2C70B31E4598FE00C3D7F7 /* Montserrat-Black.otf */ = {isa = PBXFileReference; lastKnownFileType = file; path = "Montserrat-Black.otf"; sourceTree = "<group>"; };
		1D2C70B41E4598FE00C3D7F7 /* Montserrat-Bold.otf */ = {isa = PBXFileReference; lastKnownFileType = file; path = "Montserrat-Bold.otf"; sourceTree = "<group>"; };
		1D2C70B51E4598FE00C3D7F7 /* Montserrat-ExtraBold.otf */ = {isa = PBXFileReference; lastKnownFileType = file; path = "Montserrat-ExtraBold.otf"; sourceTree = "<group>"; };
		1D2C70B61E4598FE00C3D7F7 /* Montserrat-Hairline.otf */ = {isa = PBXFileReference; lastKnownFileType = file; path = "Montserrat-Hairline.otf"; sourceTree = "<group>"; };
		1D2C70B71E4598FE00C3D7F7 /* Montserrat-Light.otf */ = {isa = PBXFileReference; lastKnownFileType = file; path = "Montserrat-Light.otf"; sourceTree = "<group>"; };
		1D2C70B81E4598FE00C3D7F7 /* Montserrat-Regular.otf */ = {isa = PBXFileReference; lastKnownFileType = file; path = "Montserrat-Regular.otf"; sourceTree = "<group>"; };
		1D2C70B91E4598FE00C3D7F7 /* Montserrat-SemiBold.otf */ = {isa = PBXFileReference; lastKnownFileType = file; path = "Montserrat-SemiBold.otf"; sourceTree = "<group>"; };
		1D2C70BA1E4598FE00C3D7F7 /* Montserrat-UltraLight.otf */ = {isa = PBXFileReference; lastKnownFileType = file; path = "Montserrat-UltraLight.otf"; sourceTree = "<group>"; };
		1D6258601E49960A00668F79 /* ViewController-login.swift */ = {isa = PBXFileReference; fileEncoding = 4; lastKnownFileType = sourcecode.swift; path = "ViewController-login.swift"; sourceTree = "<group>"; };
		1D6258621E49961100668F79 /* ViewController-signUp.swift */ = {isa = PBXFileReference; fileEncoding = 4; lastKnownFileType = sourcecode.swift; path = "ViewController-signUp.swift"; sourceTree = "<group>"; };
		1D9AD53D1E443A000023694D /* welcomeToIMarket.app */ = {isa = PBXFileReference; explicitFileType = wrapper.application; includeInIndex = 0; path = welcomeToIMarket.app; sourceTree = BUILT_PRODUCTS_DIR; };
		1D9AD5401E443A000023694D /* AppDelegate.swift */ = {isa = PBXFileReference; lastKnownFileType = sourcecode.swift; path = AppDelegate.swift; sourceTree = "<group>"; };
		1D9AD5421E443A000023694D /* ViewController.swift */ = {isa = PBXFileReference; lastKnownFileType = sourcecode.swift; path = ViewController.swift; sourceTree = "<group>"; };
		1D9AD5451E443A000023694D /* Base */ = {isa = PBXFileReference; lastKnownFileType = file.storyboard; name = Base; path = Base.lproj/Main.storyboard; sourceTree = "<group>"; };
		1D9AD5471E443A000023694D /* Assets.xcassets */ = {isa = PBXFileReference; lastKnownFileType = folder.assetcatalog; path = Assets.xcassets; sourceTree = "<group>"; };
		1D9AD54A1E443A000023694D /* Base */ = {isa = PBXFileReference; lastKnownFileType = file.storyboard; name = Base; path = Base.lproj/LaunchScreen.storyboard; sourceTree = "<group>"; };
		1D9AD54C1E443A000023694D /* Info.plist */ = {isa = PBXFileReference; lastKnownFileType = text.plist.xml; path = Info.plist; sourceTree = "<group>"; };
		1D9AD5581E4456760023694D /* ViewController-signup2.swift */ = {isa = PBXFileReference; fileEncoding = 4; lastKnownFileType = sourcecode.swift; path = "ViewController-signup2.swift"; sourceTree = "<group>"; };
/* End PBXFileReference section */

/* Begin PBXFrameworksBuildPhase section */
		1D9AD53A1E443A000023694D /* Frameworks */ = {
			isa = PBXFrameworksBuildPhase;
			buildActionMask = 2147483647;
			files = (
			);
			runOnlyForDeploymentPostprocessing = 0;
		};
/* End PBXFrameworksBuildPhase section */

/* Begin PBXGroup section */
		1D2C70B21E4598C900C3D7F7 /* Fonts */ = {
			isa = PBXGroup;
			children = (
				1D2C70B31E4598FE00C3D7F7 /* Montserrat-Black.otf */,
				1D2C70B41E4598FE00C3D7F7 /* Montserrat-Bold.otf */,
				1D2C70B51E4598FE00C3D7F7 /* Montserrat-ExtraBold.otf */,
				1D2C70B61E4598FE00C3D7F7 /* Montserrat-Hairline.otf */,
				1D2C70B71E4598FE00C3D7F7 /* Montserrat-Light.otf */,
				1D2C70B81E4598FE00C3D7F7 /* Montserrat-Regular.otf */,
				1D2C70B91E4598FE00C3D7F7 /* Montserrat-SemiBold.otf */,
				1D2C70BA1E4598FE00C3D7F7 /* Montserrat-UltraLight.otf */,
			);
			path = Fonts;
			sourceTree = "<group>";
		};
		1D9AD5341E443A000023694D = {
			isa = PBXGroup;
			children = (
				1D9AD53F1E443A000023694D /* welcomeToIMarket */,
				1D9AD53E1E443A000023694D /* Products */,
			);
			sourceTree = "<group>";
		};
		1D9AD53E1E443A000023694D /* Products */ = {
			isa = PBXGroup;
			children = (
				1D9AD53D1E443A000023694D /* welcomeToIMarket.app */,
			);
			name = Products;
			sourceTree = "<group>";
		};
		1D9AD53F1E443A000023694D /* welcomeToIMarket */ = {
			isa = PBXGroup;
			children = (
				1D2C70B21E4598C900C3D7F7 /* Fonts */,
				1D9AD5401E443A000023694D /* AppDelegate.swift */,
				1D9AD5421E443A000023694D /* ViewController.swift */,
				1D6258621E49961100668F79 /* ViewController-signUp.swift */,
				1D6258601E49960A00668F79 /* ViewController-login.swift */,
				1D9AD5581E4456760023694D /* ViewController-signup2.swift */,
				1D0BFEB91E44B32200494D93 /* ViewControllerSignUpFinish.swift */,
				1D9AD5441E443A000023694D /* Main.storyboard */,
				1D9AD5471E443A000023694D /* Assets.xcassets */,
				1D9AD5491E443A000023694D /* LaunchScreen.storyboard */,
				1D9AD54C1E443A000023694D /* Info.plist */,
			);
			path = welcomeToIMarket;
			sourceTree = "<group>";
		};
/* End PBXGroup section */

/* Begin PBXNativeTarget section */
		1D9AD53C1E443A000023694D /* welcomeToIMarket */ = {
			isa = PBXNativeTarget;
			buildConfigurationList = 1D9AD54F1E443A000023694D /* Build configuration list for PBXNativeTarget "welcomeToIMarket" */;
			buildPhases = (
				1D9AD5391E443A000023694D /* Sources */,
				1D9AD53A1E443A000023694D /* Frameworks */,
				1D9AD53B1E443A000023694D /* Resources */,
			);
			buildRules = (
			);
			dependencies = (
			);
			name = welcomeToIMarket;
			productName = welcomeToIMarket;
			productReference = 1D9AD53D1E443A000023694D /* welcomeToIMarket.app */;
			productType = "com.apple.product-type.application";
		};
/* End PBXNativeTarget section */

/* Begin PBXProject section */
		1D9AD5351E443A000023694D /* Project object */ = {
			isa = PBXProject;
			attributes = {
				LastSwiftUpdateCheck = 0820;
				LastUpgradeCheck = 0820;
				ORGANIZATIONNAME = codebrew;
				TargetAttributes = {
					1D9AD53C1E443A000023694D = {
						CreatedOnToolsVersion = 8.2.1;
						ProvisioningStyle = Automatic;
					};
				};
			};
			buildConfigurationList = 1D9AD5381E443A000023694D /* Build configuration list for PBXProject "welcomeToIMarket" */;
			compatibilityVersion = "Xcode 3.2";
			developmentRegion = English;
			hasScannedForEncodings = 0;
			knownRegions = (
				en,
				Base,
			);
			mainGroup = 1D9AD5341E443A000023694D;
			productRefGroup = 1D9AD53E1E443A000023694D /* Products */;
			projectDirPath = "";
			projectRoot = "";
			targets = (
				1D9AD53C1E443A000023694D /* welcomeToIMarket */,
			);
		};
/* End PBXProject section */

/* Begin PBXResourcesBuildPhase section */
		1D9AD53B1E443A000023694D /* Resources */ = {
			isa = PBXResourcesBuildPhase;
			buildActionMask = 2147483647;
			files = (
				1D9AD54B1E443A000023694D /* LaunchScreen.storyboard in Resources */,
				1D2C70BD1E4598FE00C3D7F7 /* Montserrat-ExtraBold.otf in Resources */,
				1D9AD5481E443A000023694D /* Assets.xcassets in Resources */,
				1D2C70BF1E4598FE00C3D7F7 /* Montserrat-Light.otf in Resources */,
				1D2C70C01E4598FE00C3D7F7 /* Montserrat-Regular.otf in Resources */,
				1D2C70BB1E4598FE00C3D7F7 /* Montserrat-Black.otf in Resources */,
				1D2C70BE1E4598FE00C3D7F7 /* Montserrat-Hairline.otf in Resources */,
				1D2C70C11E4598FE00C3D7F7 /* Montserrat-SemiBold.otf in Resources */,
				1D2C70BC1E4598FE00C3D7F7 /* Montserrat-Bold.otf in Resources */,
				1D2C70C21E4598FE00C3D7F7 /* Montserrat-UltraLight.otf in Resources */,
				1D9AD5461E443A000023694D /* Main.storyboard in Resources */,
			);
			runOnlyForDeploymentPostprocessing = 0;
		};
/* End PBXResourcesBuildPhase section */

/* Begin PBXSourcesBuildPhase section */
		1D9AD5391E443A000023694D /* Sources */ = {
			isa = PBXSourcesBuildPhase;
			buildActionMask = 2147483647;
			files = (
				1D6258631E49961100668F79 /* ViewController-signUp.swift in Sources */,
				1D9AD5591E4456760023694D /* ViewController-signup2.swift in Sources */,
				1D6258611E49960A00668F79 /* ViewController-login.swift in Sources */,
				1D9AD5431E443A000023694D /* ViewController.swift in Sources */,
				1D0BFEBA1E44B32200494D93 /* ViewControllerSignUpFinish.swift in Sources */,
				1D9AD5411E443A000023694D /* AppDelegate.swift in Sources */,
			);
			runOnlyForDeploymentPostprocessing = 0;
		};
/* End PBXSourcesBuildPhase section */

/* Begin PBXVariantGroup section */
		1D9AD5441E443A000023694D /* Main.storyboard */ = {
			isa = PBXVariantGroup;
			children = (
				1D9AD5451E443A000023694D /* Base */,
			);
			name = Main.storyboard;
			sourceTree = "<group>";
		};
		1D9AD5491E443A000023694D /* LaunchScreen.storyboard */ = {
			isa = PBXVariantGroup;
			children = (
				1D9AD54A1E443A000023694D /* Base */,
			);
			name = LaunchScreen.storyboard;
			sourceTree = "<group>";
		};
/* End PBXVariantGroup section */

/* Begin XCBuildConfiguration section */
		1D9AD54D1E443A000023694D /* Debug */ = {
			isa = XCBuildConfiguration;
			buildSettings = {
				ALWAYS_SEARCH_USER_PATHS = NO;
				CLANG_ANALYZER_NONNULL = YES;
				CLANG_CXX_LANGUAGE_STANDARD = "gnu++0x";
				CLANG_CXX_LIBRARY = "libc++";
				CLANG_ENABLE_MODULES = YES;
				CLANG_ENABLE_OBJC_ARC = YES;
				CLANG_WARN_BOOL_CONVERSION = YES;
				CLANG_WARN_CONSTANT_CONVERSION = YES;
				CLANG_WARN_DIRECT_OBJC_ISA_USAGE = YES_ERROR;
				CLANG_WARN_DOCUMENTATION_COMMENTS = YES;
				CLANG_WARN_EMPTY_BODY = YES;
				CLANG_WARN_ENUM_CONVERSION = YES;
				CLANG_WARN_INFINITE_RECURSION = YES;
				CLANG_WARN_INT_CONVERSION = YES;
				CLANG_WARN_OBJC_ROOT_CLASS = YES_ERROR;
				CLANG_WARN_SUSPICIOUS_MOVE = YES;
				CLANG_WARN_UNREACHABLE_CODE = YES;
				CLANG_WARN__DUPLICATE_METHOD_MATCH = YES;
				"CODE_SIGN_IDENTITY[sdk=iphoneos*]" = "iPhone Developer";
				COPY_PHASE_STRIP = NO;
				DEBUG_INFORMATION_FORMAT = dwarf;
				ENABLE_STRICT_OBJC_MSGSEND = YES;
				ENABLE_TESTABILITY = YES;
				GCC_C_LANGUAGE_STANDARD = gnu99;
				GCC_DYNAMIC_NO_PIC = NO;
				GCC_NO_COMMON_BLOCKS = YES;
				GCC_OPTIMIZATION_LEVEL = 0;
				GCC_PREPROCESSOR_DEFINITIONS = (
					"DEBUG=1",
					"$(inherited)",
				);
				GCC_WARN_64_TO_32_BIT_CONVERSION = YES;
				GCC_WARN_ABOUT_RETURN_TYPE = YES_ERROR;
				GCC_WARN_UNDECLARED_SELECTOR = YES;
				GCC_WARN_UNINITIALIZED_AUTOS = YES_AGGRESSIVE;
				GCC_WARN_UNUSED_FUNCTION = YES;
				GCC_WARN_UNUSED_VARIABLE = YES;
				IPHONEOS_DEPLOYMENT_TARGET = 10.2;
				MTL_ENABLE_DEBUG_INFO = YES;
				ONLY_ACTIVE_ARCH = YES;
				SDKROOT = iphoneos;
				SWIFT_ACTIVE_COMPILATION_CONDITIONS = DEBUG;
				SWIFT_OPTIMIZATION_LEVEL = "-Onone";
				TARGETED_DEVICE_FAMILY = "1,2";
			};
			name = Debug;
		};
		1D9AD54E1E443A000023694D /* Release */ = {
			isa = XCBuildConfiguration;
			buildSettings = {
				ALWAYS_SEARCH_USER_PATHS = NO;
				CLANG_ANALYZER_NONNULL = YES;
				CLANG_CXX_LANGUAGE_STANDARD = "gnu++0x";
				CLANG_CXX_LIBRARY = "libc++";
				CLANG_ENABLE_MODULES = YES;
				CLANG_ENABLE_OBJC_ARC = YES;
				CLANG_WARN_BOOL_CONVERSION = YES;
				CLANG_WARN_CONSTANT_CONVERSION = YES;
				CLANG_WARN_DIRECT_OBJC_ISA_USAGE = YES_ERROR;
				CLANG_WARN_DOCUMENTATION_COMMENTS = YES;
				CLANG_WARN_EMPTY_BODY = YES;
				CLANG_WARN_ENUM_CONVERSION = YES;
				CLANG_WARN_INFINITE_RECURSION = YES;
				CLANG_WARN_INT_CONVERSION = YES;
				CLANG_WARN_OBJC_ROOT_CLASS = YES_ERROR;
				CLANG_WARN_SUSPICIOUS_MOVE = YES;
				CLANG_WARN_UNREACHABLE_CODE = YES;
				CLANG_WARN__DUPLICATE_METHOD_MATCH = YES;
				"CODE_SIGN_IDENTITY[sdk=iphoneos*]" = "iPhone Developer";
				COPY_PHASE_STRIP = NO;
				DEBUG_INFORMATION_FORMAT = "dwarf-with-dsym";
				ENABLE_NS_ASSERTIONS = NO;
				ENABLE_STRICT_OBJC_MSGSEND = YES;
				GCC_C_LANGUAGE_STANDARD = gnu99;
				GCC_NO_COMMON_BLOCKS = YES;
				GCC_WARN_64_TO_32_BIT_CONVERSION = YES;
				GCC_WARN_ABOUT_RETURN_TYPE = YES_ERROR;
				GCC_WARN_UNDECLARED_SELECTOR = YES;
				GCC_WARN_UNINITIALIZED_AUTOS = YES_AGGRESSIVE;
				GCC_WARN_UNUSED_FUNCTION = YES;
				GCC_WARN_UNUSED_VARIABLE = YES;
				IPHONEOS_DEPLOYMENT_TARGET = 10.2;
				MTL_ENABLE_DEBUG_INFO = NO;
				SDKROOT = iphoneos;
				SWIFT_OPTIMIZATION_LEVEL = "-Owholemodule";
				TARGETED_DEVICE_FAMILY = "1,2";
				VALIDATE_PRODUCT = YES;
			};
			name = Release;
		};
		1D9AD5501E443A000023694D /* Debug */ = {
			isa = XCBuildConfiguration;
			buildSettings = {
				ASSETCATALOG_COMPILER_APPICON_NAME = AppIcon;
				INFOPLIST_FILE = welcomeToIMarket/Info.plist;
				LD_RUNPATH_SEARCH_PATHS = "$(inherited) @executable_path/Frameworks";
				PRODUCT_BUNDLE_IDENTIFIER = codebrewChit.welcomeToIMarket;
				PRODUCT_NAME = "$(TARGET_NAME)";
				SWIFT_VERSION = 3.0;
			};
			name = Debug;
		};
		1D9AD5511E443A000023694D /* Release */ = {
			isa = XCBuildConfiguration;
			buildSettings = {
				ASSETCATALOG_COMPILER_APPICON_NAME = AppIcon;
				INFOPLIST_FILE = welcomeToIMarket/Info.plist;
				LD_RUNPATH_SEARCH_PATHS = "$(inherited) @executable_path/Frameworks";
				PRODUCT_BUNDLE_IDENTIFIER = codebrewChit.welcomeToIMarket;
				PRODUCT_NAME = "$(TARGET_NAME)";
				SWIFT_VERSION = 3.0;
			};
			name = Release;
		};
/* End XCBuildConfiguration section */

/* Begin XCConfigurationList section */
		1D9AD5381E443A000023694D /* Build configuration list for PBXProject "welcomeToIMarket" */ = {
			isa = XCConfigurationList;
			buildConfigurations = (
				1D9AD54D1E443A000023694D /* Debug */,
				1D9AD54E1E443A000023694D /* Release */,
			);
			defaultConfigurationIsVisible = 0;
			defaultConfigurationName = Release;
		};
		1D9AD54F1E443A000023694D /* Build configuration list for PBXNativeTarget "welcomeToIMarket" */ = {
			isa = XCConfigurationList;
			buildConfigurations = (
				1D9AD5501E443A000023694D /* Debug */,
				1D9AD5511E443A000023694D /* Release */,
			);
			defaultConfigurationIsVisible = 0;
			defaultConfigurationName = Release;
		};
/* End XCConfigurationList section */
	};
	rootObject = 1D9AD5351E443A000023694D /* Project object */;
}
